
Microsoft Visual Studio Solution File, Format Version 12.00
# Visual Studio Version 17
VisualStudioVersion = 17.2.32616.157
MinimumVisualStudioVersion = 10.0.40219.1
Project("{FAE04EC0-301F-11D3-BF4B-00C04F79EFBC}") = "Csharp practice", "Csharp practice\Csharp practice.csproj", "{D547CB0F-BC14-4282-85C5-BF1052AA1638}"
EndProject
Global
	GlobalSection(SolutionConfigurationPlatforms) = preSolution
		Debug|Any CPU = Debug|Any CPU
		Release|Any CPU = Release|Any CPU
	EndGlobalSection
	GlobalSection(ProjectConfigurationPlatforms) = postSolution
		{D547CB0F-BC14-4282-85C5-BF1052AA1638}.Debug|Any CPU.ActiveCfg = Debug|Any CPU
		{D547CB0F-BC14-4282-85C5-BF1052AA1638}.Debug|Any CPU.Build.0 = Debug|Any CPU
		{D547CB0F-BC14-4282-85C5-BF1052AA1638}.Release|Any CPU.ActiveCfg = Release|Any CPU
		{D547CB0F-BC14-4282-85C5-BF1052AA1638}.Release|Any CPU.Build.0 = Release|Any CPU
	EndGlobalSection
	GlobalSection(SolutionProperties) = preSolution
		HideSolutionNode = FALSE
	EndGlobalSection
	GlobalSection(ExtensibilityGlobals) = postSolution
		SolutionGuid = {E7234542-3125-49FF-9405-41A6B5EF69C4}
	EndGlobalSection
EndGlobal
